
Microsoft Visual Studio Solution File, Format Version 12.00
# Visual Studio Version 17
VisualStudioVersion = 17.5.002.0
MinimumVisualStudioVersion = 10.0.40219.1
Project("{9A19103F-16F7-4668-BE54-9A1E7A4F7556}") = "MathsLib", "MathsLib.csproj", "{FEBDED50-E865-401F-A959-C9297168837E}"
EndProject
Global
	GlobalSection(SolutionConfigurationPlatforms) = preSolution
		Debug|Any CPU = Debug|Any CPU
		Release|Any CPU = Release|Any CPU
	EndGlobalSection
	GlobalSection(ProjectConfigurationPlatforms) = postSolution
		{FEBDED50-E865-401F-A959-C9297168837E}.Debug|Any CPU.ActiveCfg = Debug|Any CPU
		{FEBDED50-E865-401F-A959-C9297168837E}.Debug|Any CPU.Build.0 = Debug|Any CPU
		{FEBDED50-E865-401F-A959-C9297168837E}.Release|Any CPU.ActiveCfg = Release|Any CPU
		{FEBDED50-E865-401F-A959-C9297168837E}.Release|Any CPU.Build.0 = Release|Any CPU
	EndGlobalSection
	GlobalSection(SolutionProperties) = preSolution
		HideSolutionNode = FALSE
	EndGlobalSection
	GlobalSection(ExtensibilityGlobals) = postSolution
		SolutionGuid = {520DE1A7-010D-4065-8792-ED3DE06B866D}
	EndGlobalSection
EndGlobal
